Microsoft Visual Studio Solution File, Format Version 12.00
# Visual Studio 15
VisualStudioVersion = 15.0.27004.2005
MinimumVisualStudioVersion = 10.0.40219.1
Project("{9A19103F-16F7-4668-BE54-9A1E7A4F7556}") = "TournamentMasterAPI", "TournamentMasterAPI\TournamentMasterAPI.csproj", "{C78150EB-4D23-4D68-9BEC-F275E89E5EEA}"
EndProject
Project("{FAE04EC0-301F-11D3-BF4B-00C04F79EFBC}") = "TournamentMasterAPITests", "TournamentMasterAPITests\TournamentMasterAPITests.csproj", "{82911CC1-11CC-4D5A-BCCB-1DD2245B24F8}"
EndProject
Global
	GlobalSection(SolutionConfigurationPlatforms) = preSolution
		Debug|Any CPU = Debug|Any CPU
		Release|Any CPU = Release|Any CPU
	EndGlobalSection
	GlobalSection(ProjectConfigurationPlatforms) = postSolution
		{C78150EB-4D23-4D68-9BEC-F275E89E5EEA}.Debug|Any CPU.ActiveCfg = Debug|Any CPU
		{C78150EB-4D23-4D68-9BEC-F275E89E5EEA}.Debug|Any CPU.Build.0 = Debug|Any CPU
		{C78150EB-4D23-4D68-9BEC-F275E89E5EEA}.Release|Any CPU.ActiveCfg = Release|Any CPU
		{C78150EB-4D23-4D68-9BEC-F275E89E5EEA}.Release|Any CPU.Build.0 = Release|Any CPU
		{82911CC1-11CC-4D5A-BCCB-1DD2245B24F8}.Debug|Any CPU.ActiveCfg = Debug|Any CPU
		{82911CC1-11CC-4D5A-BCCB-1DD2245B24F8}.Debug|Any CPU.Build.0 = Debug|Any CPU
		{82911CC1-11CC-4D5A-BCCB-1DD2245B24F8}.Release|Any CPU.ActiveCfg = Release|Any CPU
		{82911CC1-11CC-4D5A-BCCB-1DD2245B24F8}.Release|Any CPU.Build.0 = Release|Any CPU
	EndGlobalSection
	GlobalSection(SolutionProperties) = preSolution
		HideSolutionNode = FALSE
	EndGlobalSection
	GlobalSection(ExtensibilityGlobals) = postSolution
		SolutionGuid = {CD43F1B5-0BA0-478B-8489-55824D6C357D}
	EndGlobalSection
EndGlobal
